
Microsoft Visual Studio Solution File, Format Version 12.00
# Visual Studio Version 16
VisualStudioVersion = 16.0.32901.82
MinimumVisualStudioVersion = 10.0.40219.1
Project("{FAE04EC0-301F-11D3-BF4B-00C04F79EFBC}") = "CRUD_EntityFramework", "CRUD_EntityFramework.csproj", "{39039342-551F-44D0-AA60-A953FB3CE741}"
EndProject
Global
	GlobalSection(SolutionConfigurationPlatforms) = preSolution
		Debug|Any CPU = Debug|Any CPU
		Release|Any CPU = Release|Any CPU
	EndGlobalSection
	GlobalSection(ProjectConfigurationPlatforms) = postSolution
		{39039342-551F-44D0-AA60-A953FB3CE741}.Debug|Any CPU.ActiveCfg = Debug|Any CPU
		{39039342-551F-44D0-AA60-A953FB3CE741}.Debug|Any CPU.Build.0 = Debug|Any CPU
		{39039342-551F-44D0-AA60-A953FB3CE741}.Release|Any CPU.ActiveCfg = Release|Any CPU
		{39039342-551F-44D0-AA60-A953FB3CE741}.Release|Any CPU.Build.0 = Release|Any CPU
	EndGlobalSection
	GlobalSection(SolutionProperties) = preSolution
		HideSolutionNode = FALSE
	EndGlobalSection
	GlobalSection(ExtensibilityGlobals) = postSolution
		SolutionGuid = {F75783ED-27DF-45F7-AF31-EF50EB30A1A3}
	EndGlobalSection
EndGlobal
